
Microsoft Visual Studio Solution File, Format Version 12.00
# Visual Studio Version 16
VisualStudioVersion = 16.0.32228.343
MinimumVisualStudioVersion = 10.0.40219.1
Project("{FAE04EC0-301F-11D3-BF4B-00C04F79EFBC}") = "PackageDelivery.GUI", "PackageDelivery.GUI\PackageDelivery.GUI.csproj", "{FA60C030-5032-483E-AAD6-F7C0C715D8BD}"
EndProject
Project("{2150E333-8FDC-42A3-9474-1A3956D46DE8}") = "1.1 GUI", "1.1 GUI", "{E60A8ABC-A348-4E06-AA4D-0F787D0D9EC2}"
EndProject
Project("{2150E333-8FDC-42A3-9474-1A3956D46DE8}") = "1.2 Webapi", "1.2 Webapi", "{42367804-5594-4CAE-B04C-B91B510A1763}"
EndProject
Project("{2150E333-8FDC-42A3-9474-1A3956D46DE8}") = "2. Application", "2. Application", "{C7081729-712C-404E-84FA-112978578BA2}"
EndProject
Project("{2150E333-8FDC-42A3-9474-1A3956D46DE8}") = "3. Repository", "3. Repository", "{F45626EC-9314-4012-9D07-E1F7D152B8A4}"
EndProject
Project("{FAE04EC0-301F-11D3-BF4B-00C04F79EFBC}") = "PackageDelivery.WebServices", "PackageDelivery.WebServices\PackageDelivery.WebServices.csproj", "{D76D4DEB-99A9-44DC-9867-A835F1650BDB}"
EndProject
Project("{FAE04EC0-301F-11D3-BF4B-00C04F79EFBC}") = "PackageDelivery.Application.Contracts", "PackageDelivery.Application.Contracts\PackageDelivery.Application.Contracts.csproj", "{A5FD98E0-77B7-4A13-B861-AFD1CF04879A}"
EndProject
Project("{FAE04EC0-301F-11D3-BF4B-00C04F79EFBC}") = "PackageDelivery.Application.Implementation", "PackageDelivery.Application.Implementation\PackageDelivery.Application.Implementation.csproj", "{B0BE8DBF-B528-4BF0-B4C9-47BE53AC2A21}"
EndProject
Project("{FAE04EC0-301F-11D3-BF4B-00C04F79EFBC}") = "PackageDelivery.Repository.Contracts", "PackageDelivery.Repository.Contracts\PackageDelivery.Repository.Contracts.csproj", "{4D69747D-2959-481F-B1E3-EF207A76CD29}"
EndProject
Project("{FAE04EC0-301F-11D3-BF4B-00C04F79EFBC}") = "PackageDelivery.Repository.Implementation", "PackageDelivery.Repository.Implementation\PackageDelivery.Repository.Implementation.csproj", "{F95E6CF3-256A-4519-86D1-F9430C515554}"
EndProject
Global
	GlobalSection(SolutionConfigurationPlatforms) = preSolution
		Debug|Any CPU = Debug|Any CPU
		Release|Any CPU = Release|Any CPU
	EndGlobalSection
	GlobalSection(ProjectConfigurationPlatforms) = postSolution
		{FA60C030-5032-483E-AAD6-F7C0C715D8BD}.Debug|Any CPU.ActiveCfg = Debug|Any CPU
		{FA60C030-5032-483E-AAD6-F7C0C715D8BD}.Debug|Any CPU.Build.0 = Debug|Any CPU
		{FA60C030-5032-483E-AAD6-F7C0C715D8BD}.Release|Any CPU.ActiveCfg = Release|Any CPU
		{FA60C030-5032-483E-AAD6-F7C0C715D8BD}.Release|Any CPU.Build.0 = Release|Any CPU
		{D76D4DEB-99A9-44DC-9867-A835F1650BDB}.Debug|Any CPU.ActiveCfg = Debug|Any CPU
		{D76D4DEB-99A9-44DC-9867-A835F1650BDB}.Debug|Any CPU.Build.0 = Debug|Any CPU
		{D76D4DEB-99A9-44DC-9867-A835F1650BDB}.Release|Any CPU.ActiveCfg = Release|Any CPU
		{D76D4DEB-99A9-44DC-9867-A835F1650BDB}.Release|Any CPU.Build.0 = Release|Any CPU
		{A5FD98E0-77B7-4A13-B861-AFD1CF04879A}.Debug|Any CPU.ActiveCfg = Debug|Any CPU
		{A5FD98E0-77B7-4A13-B861-AFD1CF04879A}.Debug|Any CPU.Build.0 = Debug|Any CPU
		{A5FD98E0-77B7-4A13-B861-AFD1CF04879A}.Release|Any CPU.ActiveCfg = Release|Any CPU
		{A5FD98E0-77B7-4A13-B861-AFD1CF04879A}.Release|Any CPU.Build.0 = Release|Any CPU
		{B0BE8DBF-B528-4BF0-B4C9-47BE53AC2A21}.Debug|Any CPU.ActiveCfg = Debug|Any CPU
		{B0BE8DBF-B528-4BF0-B4C9-47BE53AC2A21}.Debug|Any CPU.Build.0 = Debug|Any CPU
		{B0BE8DBF-B528-4BF0-B4C9-47BE53AC2A21}.Release|Any CPU.ActiveCfg = Release|Any CPU
		{B0BE8DBF-B528-4BF0-B4C9-47BE53AC2A21}.Release|Any CPU.Build.0 = Release|Any CPU
		{4D69747D-2959-481F-B1E3-EF207A76CD29}.Debug|Any CPU.ActiveCfg = Debug|Any CPU
		{4D69747D-2959-481F-B1E3-EF207A76CD29}.Debug|Any CPU.Build.0 = Debug|Any CPU
		{4D69747D-2959-481F-B1E3-EF207A76CD29}.Release|Any CPU.ActiveCfg = Release|Any CPU
		{4D69747D-2959-481F-B1E3-EF207A76CD29}.Release|Any CPU.Build.0 = Release|Any CPU
		{F95E6CF3-256A-4519-86D1-F9430C515554}.Debug|Any CPU.ActiveCfg = Debug|Any CPU
		{F95E6CF3-256A-4519-86D1-F9430C515554}.Debug|Any CPU.Build.0 = Debug|Any CPU
		{F95E6CF3-256A-4519-86D1-F9430C515554}.Release|Any CPU.ActiveCfg = Release|Any CPU
		{F95E6CF3-256A-4519-86D1-F9430C515554}.Release|Any CPU.Build.0 = Release|Any CPU
	EndGlobalSection
	GlobalSection(SolutionProperties) = preSolution
		HideSolutionNode = FALSE
	EndGlobalSection
	GlobalSection(NestedProjects) = preSolution
		{FA60C030-5032-483E-AAD6-F7C0C715D8BD} = {E60A8ABC-A348-4E06-AA4D-0F787D0D9EC2}
		{D76D4DEB-99A9-44DC-9867-A835F1650BDB} = {42367804-5594-4CAE-B04C-B91B510A1763}
		{A5FD98E0-77B7-4A13-B861-AFD1CF04879A} = {C7081729-712C-404E-84FA-112978578BA2}
		{B0BE8DBF-B528-4BF0-B4C9-47BE53AC2A21} = {C7081729-712C-404E-84FA-112978578BA2}
		{4D69747D-2959-481F-B1E3-EF207A76CD29} = {F45626EC-9314-4012-9D07-E1F7D152B8A4}
		{F95E6CF3-256A-4519-86D1-F9430C515554} = {F45626EC-9314-4012-9D07-E1F7D152B8A4}
	EndGlobalSection
	GlobalSection(ExtensibilityGlobals) = postSolution
		SolutionGuid = {33D9EF88-401F-42AA-880B-03604EF23F7E}
	EndGlobalSection
EndGlobal
